
Microsoft Visual Studio Solution File, Format Version 12.00
# Visual Studio 14
VisualStudioVersion = 14.0.23107.0
MinimumVisualStudioVersion = 10.0.40219.1
Project("{FAE04EC0-301F-11D3-BF4B-00C04F79EFBC}") = "EmpolyeeLibrary", "EmpoyleeLibrary\EmpolyeeLibrary.csproj", "{E68A01D5-3610-424E-B868-4769F6ADDE50}"
EndProject
Project("{FAE04EC0-301F-11D3-BF4B-00C04F79EFBC}") = "PaySystem", "PaySystem\PaySystem.csproj", "{69AEEE09-9C55-44CF-9551-C39D3F2860A7}"
EndProject
Global
	GlobalSection(SolutionConfigurationPlatforms) = preSolution
		Debug|Any CPU = Debug|Any CPU
		Release|Any CPU = Release|Any CPU
	EndGlobalSection
	GlobalSection(ProjectConfigurationPlatforms) = postSolution
		{E68A01D5-3610-424E-B868-4769F6ADDE50}.Debug|Any CPU.ActiveCfg = Debug|Any CPU
		{E68A01D5-3610-424E-B868-4769F6ADDE50}.Debug|Any CPU.Build.0 = Debug|Any CPU
		{E68A01D5-3610-424E-B868-4769F6ADDE50}.Release|Any CPU.ActiveCfg = Release|Any CPU
		{E68A01D5-3610-424E-B868-4769F6ADDE50}.Release|Any CPU.Build.0 = Release|Any CPU
		{69AEEE09-9C55-44CF-9551-C39D3F2860A7}.Debug|Any CPU.ActiveCfg = Debug|Any CPU
		{69AEEE09-9C55-44CF-9551-C39D3F2860A7}.Debug|Any CPU.Build.0 = Debug|Any CPU
		{69AEEE09-9C55-44CF-9551-C39D3F2860A7}.Release|Any CPU.ActiveCfg = Release|Any CPU
		{69AEEE09-9C55-44CF-9551-C39D3F2860A7}.Release|Any CPU.Build.0 = Release|Any CPU
	EndGlobalSection
	GlobalSection(SolutionProperties) = preSolution
		HideSolutionNode = FALSE
	EndGlobalSection
EndGlobal
